// !$*UTF8*$!
{
	archiveVersion = 1;
	classes = {
	};
	objectVersion = 46;
	objects = {

/* Begin PBXBuildFile section */
		D63DAFAA1F3C60A0002C512C /* Aspects.m in Sources */ = {isa = PBXBuildFile; fileRef = D63DAFA91F3C60A0002C512C /* Aspects.m */; };
		D65E30F61F39638100E7A4B8 /* main.m in Sources */ = {isa = PBXBuildFile; fileRef = D65E30F51F39638100E7A4B8 /* main.m */; };
		D65E30F91F39638100E7A4B8 /* AppDelegate.m in Sources */ = {isa = PBXBuildFile; fileRef = D65E30F81F39638100E7A4B8 /* AppDelegate.m */; };
		D65E30FC1F39638100E7A4B8 /* ViewController.m in Sources */ = {isa = PBXBuildFile; fileRef = D65E30FB1F39638100E7A4B8 /* ViewController.m */; };
		D65E30FF1F39638100E7A4B8 /* Main.storyboard in Resources */ = {isa = PBXBuildFile; fileRef = D65E30FD1F39638100E7A4B8 /* Main.storyboard */; };
		D65E31011F39638100E7A4B8 /* Assets.xcassets in Resources */ = {isa = PBXBuildFile; fileRef = D65E31001F39638100E7A4B8 /* Assets.xcassets */; };
		D65E31041F39638100E7A4B8 /* LaunchScreen.storyboard in Resources */ = {isa = PBXBuildFile; fileRef = D65E31021F39638100E7A4B8 /* LaunchScreen.storyboard */; };
		D65E310F1F39638100E7A4B8 /* HZMethodSwizzlingTests.m in Sources */ = {isa = PBXBuildFile; fileRef = D65E310E1F39638100E7A4B8 /* HZMethodSwizzlingTests.m */; };
		D65E311A1F39638100E7A4B8 /* HZMethodSwizzlingUITests.m in Sources */ = {isa = PBXBuildFile; fileRef = D65E31191F39638100E7A4B8 /* HZMethodSwizzlingUITests.m */; };
		D65E312F1F39B92900E7A4B8 /* ViewController+Swizzling.m in Sources */ = {isa = PBXBuildFile; fileRef = D65E312E1F39B92900E7A4B8 /* ViewController+Swizzling.m */; };
		D68887251F3AB37000D6D1E2 /* HZCustomView.m in Sources */ = {isa = PBXBuildFile; fileRef = D68887241F3AB37000D6D1E2 /* HZCustomView.m */; };
		D688872B1F3AE03C00D6D1E2 /* HZUIChecker.m in Sources */ = {isa = PBXBuildFile; fileRef = D688872A1F3AE03C00D6D1E2 /* HZUIChecker.m */; };
		D688872E1F3AE30000D6D1E2 /* HZSubCustomView.m in Sources */ = {isa = PBXBuildFile; fileRef = D688872D1F3AE30000D6D1E2 /* HZSubCustomView.m */; };
/* End PBXBuildFile section */

/* Begin PBXContainerItemProxy section */
		D65E310B1F39638100E7A4B8 /* PBXContainerItemProxy */ = {
			isa = PBXContainerItemProxy;
			containerPortal = D65E30E91F39638100E7A4B8 /* Project object */;
			proxyType = 1;
			remoteGlobalIDString = D65E30F01F39638100E7A4B8;
			remoteInfo = HZMethodSwizzling;
		};
		D65E31161F39638100E7A4B8 /* PBXContainerItemProxy */ = {
			isa = PBXContainerItemProxy;
			containerPortal = D65E30E91F39638100E7A4B8 /* Project object */;
			proxyType = 1;
			remoteGlobalIDString = D65E30F01F39638100E7A4B8;
			remoteInfo = HZMethodSwizzling;
		};
/* End PBXContainerItemProxy section */

/* Begin PBXFileReference section */
		D63DAFA81F3C60A0002C512C /* Aspects.h */ = {isa = PBXFileReference; fileEncoding = 4; lastKnownFileType = sourcecode.c.h; path = Aspects.h; sourceTree = "<group>"; };
		D63DAFA91F3C60A0002C512C /* Aspects.m */ = {isa = PBXFileReference; fileEncoding = 4; lastKnownFileType = sourcecode.c.objc; path = Aspects.m; sourceTree = "<group>"; };
		D65E30F11F39638100E7A4B8 /* HZMethodSwizzling.app */ = {isa = PBXFileReference; explicitFileType = wrapper.application; includeInIndex = 0; path = HZMethodSwizzling.app; sourceTree = BUILT_PRODUCTS_DIR; };
		D65E30F51F39638100E7A4B8 /* main.m */ = {isa = PBXFileReference; lastKnownFileType = sourcecode.c.objc; path = main.m; sourceTree = "<group>"; };
		D65E30F71F39638100E7A4B8 /* AppDelegate.h */ = {isa = PBXFileReference; lastKnownFileType = sourcecode.c.h; path = AppDelegate.h; sourceTree = "<group>"; };
		D65E30F81F39638100E7A4B8 /* AppDelegate.m */ = {isa = PBXFileReference; lastKnownFileType = sourcecode.c.objc; path = AppDelegate.m; sourceTree = "<group>"; };
		D65E30FA1F39638100E7A4B8 /* ViewController.h */ = {isa = PBXFileReference; lastKnownFileType = sourcecode.c.h; path = ViewController.h; sourceTree = "<group>"; };
		D65E30FB1F39638100E7A4B8 /* ViewController.m */ = {isa = PBXFileReference; lastKnownFileType = sourcecode.c.objc; path = ViewController.m; sourceTree = "<group>"; };
		D65E30FE1F39638100E7A4B8 /* Base */ = {isa = PBXFileReference; lastKnownFileType = file.storyboard; name = Base; path = Base.lproj/Main.storyboard; sourceTree = "<group>"; };
		D65E31001F39638100E7A4B8 /* Assets.xcassets */ = {isa = PBXFileReference; lastKnownFileType = folder.assetcatalog; path = Assets.xcassets; sourceTree = "<group>"; };
		D65E31031F39638100E7A4B8 /* Base */ = {isa = PBXFileReference; lastKnownFileType = file.storyboard; name = Base; path = Base.lproj/LaunchScreen.storyboard; sourceTree = "<group>"; };
		D65E31051F39638100E7A4B8 /* Info.plist */ = {isa = PBXFileReference; lastKnownFileType = text.plist.xml; path = Info.plist; sourceTree = "<group>"; };
		D65E310A1F39638100E7A4B8 /* HZMethodSwizzlingTests.xctest */ = {isa = PBXFileReference; explicitFileType = wrapper.cfbundle; includeInIndex = 0; path = HZMethodSwizzlingTests.xctest; sourceTree = BUILT_PRODUCTS_DIR; };
		D65E310E1F39638100E7A4B8 /* HZMethodSwizzlingTests.m */ = {isa = PBXFileReference; lastKnownFileType = sourcecode.c.objc; path = HZMethodSwizzlingTests.m; sourceTree = "<group>"; };
		D65E31101F39638100E7A4B8 /* Info.plist */ = {isa = PBXFileReference; lastKnownFileType = text.plist.xml; path = Info.plist; sourceTree = "<group>"; };
		D65E31151F39638100E7A4B8 /* HZMethodSwizzlingUITests.xctest */ = {isa = PBXFileReference; explicitFileType = wrapper.cfbundle; includeInIndex = 0; path = HZMethodSwizzlingUITests.xctest; sourceTree = BUILT_PRODUCTS_DIR; };
		D65E31191F39638100E7A4B8 /* HZMethodSwizzlingUITests.m */ = {isa = PBXFileReference; lastKnownFileType = sourcecode.c.objc; path = HZMethodSwizzlingUITests.m; sourceTree = "<group>"; };
		D65E311B1F39638100E7A4B8 /* Info.plist */ = {isa = PBXFileReference; lastKnownFileType = text.plist.xml; path = Info.plist; sourceTree = "<group>"; };
		D65E312D1F39B91900E7A4B8 /* ViewController+Swizzling.h */ = {isa = PBXFileReference; lastKnownFileType = sourcecode.c.h; path = "ViewController+Swizzling.h"; sourceTree = "<group>"; };
		D65E312E1F39B92900E7A4B8 /* ViewController+Swizzling.m */ = {isa = PBXFileReference; fileEncoding = 4; lastKnownFileType = sourcecode.c.objc; path = "ViewController+Swizzling.m"; sourceTree = "<group>"; };
		D68887231F3AB36300D6D1E2 /* HZCustomView.h */ = {isa = PBXFileReference; lastKnownFileType = sourcecode.c.h; path = HZCustomView.h; sourceTree = "<group>"; };
		D68887241F3AB37000D6D1E2 /* HZCustomView.m */ = {isa = PBXFileReference; fileEncoding = 4; lastKnownFileType = sourcecode.c.objc; path = HZCustomView.m; sourceTree = "<group>"; };
		D68887291F3AE02F00D6D1E2 /* HZUIChecker.h */ = {isa = PBXFileReference; lastKnownFileType = sourcecode.c.h; path = HZUIChecker.h; sourceTree = "<group>"; };
		D688872A1F3AE03C00D6D1E2 /* HZUIChecker.m */ = {isa = PBXFileReference; fileEncoding = 4; lastKnownFileType = sourcecode.c.objc; path = HZUIChecker.m; sourceTree = "<group>"; };
		D688872C1F3AE2EF00D6D1E2 /* HZSubCustomView.h */ = {isa = PBXFileReference; lastKnownFileType = sourcecode.c.h; path = HZSubCustomView.h; sourceTree = "<group>"; };
		D688872D1F3AE30000D6D1E2 /* HZSubCustomView.m */ = {isa = PBXFileReference; fileEncoding = 4; lastKnownFileType = sourcecode.c.objc; path = HZSubCustomView.m; sourceTree = "<group>"; };
/* End PBXFileReference section */

/* Begin PBXFrameworksBuildPhase section */
		D65E30EE1F39638100E7A4B8 /* Frameworks */ = {
			isa = PBXFrameworksBuildPhase;
			buildActionMask = 2147483647;
			files = (
			);
			runOnlyForDeploymentPostprocessing = 0;
		};
		D65E31071F39638100E7A4B8 /* Frameworks */ = {
			isa = PBXFrameworksBuildPhase;
			buildActionMask = 2147483647;
			files = (
			);
			runOnlyForDeploymentPostprocessing = 0;
		};
		D65E31121F39638100E7A4B8 /* Frameworks */ = {
			isa = PBXFrameworksBuildPhase;
			buildActionMask = 2147483647;
			files = (
			);
			runOnlyForDeploymentPostprocessing = 0;
		};
/* End PBXFrameworksBuildPhase section */

/* Begin PBXGroup section */
		D65E30E81F39638100E7A4B8 = {
			isa = PBXGroup;
			children = (
				D65E30F31F39638100E7A4B8 /* HZMethodSwizzling */,
				D65E310D1F39638100E7A4B8 /* HZMethodSwizzlingTests */,
				D65E31181F39638100E7A4B8 /* HZMethodSwizzlingUITests */,
				D65E30F21F39638100E7A4B8 /* Products */,
			);
			sourceTree = "<group>";
		};
		D65E30F21F39638100E7A4B8 /* Products */ = {
			isa = PBXGroup;
			children = (
				D65E30F11F39638100E7A4B8 /* HZMethodSwizzling.app */,
				D65E310A1F39638100E7A4B8 /* HZMethodSwizzlingTests.xctest */,
				D65E31151F39638100E7A4B8 /* HZMethodSwizzlingUITests.xctest */,
			);
			name = Products;
			sourceTree = "<group>";
		};
		D65E30F31F39638100E7A4B8 /* HZMethodSwizzling */ = {
			isa = PBXGroup;
			children = (
				D65E31301F39C41E00E7A4B8 /* Swizzling */,
				D65E30F71F39638100E7A4B8 /* AppDelegate.h */,
				D65E30F81F39638100E7A4B8 /* AppDelegate.m */,
				D65E30FA1F39638100E7A4B8 /* ViewController.h */,
				D65E30FB1F39638100E7A4B8 /* ViewController.m */,
				D68887231F3AB36300D6D1E2 /* HZCustomView.h */,
				D68887241F3AB37000D6D1E2 /* HZCustomView.m */,
				D65E30FD1F39638100E7A4B8 /* Main.storyboard */,
				D65E31001F39638100E7A4B8 /* Assets.xcassets */,
				D65E31021F39638100E7A4B8 /* LaunchScreen.storyboard */,
				D65E31051F39638100E7A4B8 /* Info.plist */,
				D65E30F41F39638100E7A4B8 /* Supporting Files */,
				D688872C1F3AE2EF00D6D1E2 /* HZSubCustomView.h */,
				D688872D1F3AE30000D6D1E2 /* HZSubCustomView.m */,
			);
			path = HZMethodSwizzling;
			sourceTree = "<group>";
		};
		D65E30F41F39638100E7A4B8 /* Supporting Files */ = {
			isa = PBXGroup;
			children = (
				D65E30F51F39638100E7A4B8 /* main.m */,
			);
			name = "Supporting Files";
			sourceTree = "<group>";
		};
		D65E310D1F39638100E7A4B8 /* HZMethodSwizzlingTests */ = {
			isa = PBXGroup;
			children = (
				D65E310E1F39638100E7A4B8 /* HZMethodSwizzlingTests.m */,
				D65E31101F39638100E7A4B8 /* Info.plist */,
			);
			path = HZMethodSwizzlingTests;
			sourceTree = "<group>";
		};
		D65E31181F39638100E7A4B8 /* HZMethodSwizzlingUITests */ = {
			isa = PBXGroup;
			children = (
				D65E31191F39638100E7A4B8 /* HZMethodSwizzlingUITests.m */,
				D65E311B1F39638100E7A4B8 /* Info.plist */,
			);
			path = HZMethodSwizzlingUITests;
			sourceTree = "<group>";
		};
		D65E31301F39C41E00E7A4B8 /* Swizzling */ = {
			isa = PBXGroup;
			children = (
				D63DAFA81F3C60A0002C512C /* Aspects.h */,
				D63DAFA91F3C60A0002C512C /* Aspects.m */,
				D65E312D1F39B91900E7A4B8 /* ViewController+Swizzling.h */,
				D65E312E1F39B92900E7A4B8 /* ViewController+Swizzling.m */,
				D68887291F3AE02F00D6D1E2 /* HZUIChecker.h */,
				D688872A1F3AE03C00D6D1E2 /* HZUIChecker.m */,
			);
			name = Swizzling;
			sourceTree = "<group>";
		};
/* End PBXGroup section */

/* Begin PBXNativeTarget section */
		D65E30F01F39638100E7A4B8 /* HZMethodSwizzling */ = {
			isa = PBXNativeTarget;
			buildConfigurationList = D65E311E1F39638100E7A4B8 /* Build configuration list for PBXNativeTarget "HZMethodSwizzling" */;
			buildPhases = (
				D65E30ED1F39638100E7A4B8 /* Sources */,
				D65E30EE1F39638100E7A4B8 /* Frameworks */,
				D65E30EF1F39638100E7A4B8 /* Resources */,
			);
			buildRules = (
			);
			dependencies = (
			);
			name = HZMethodSwizzling;
			productName = HZMethodSwizzling;
			productReference = D65E30F11F39638100E7A4B8 /* HZMethodSwizzling.app */;
			productType = "com.apple.product-type.application";
		};
		D65E31091F39638100E7A4B8 /* HZMethodSwizzlingTests */ = {
			isa = PBXNativeTarget;
			buildConfigurationList = D65E31211F39638100E7A4B8 /* Build configuration list for PBXNativeTarget "HZMethodSwizzlingTests" */;
			buildPhases = (
				D65E31061F39638100E7A4B8 /* Sources */,
				D65E31071F39638100E7A4B8 /* Frameworks */,
				D65E31081F39638100E7A4B8 /* Resources */,
			);
			buildRules = (
			);
			dependencies = (
				D65E310C1F39638100E7A4B8 /* PBXTargetDependency */,
			);
			name = HZMethodSwizzlingTests;
			productName = HZMethodSwizzlingTests;
			productReference = D65E310A1F39638100E7A4B8 /* HZMethodSwizzlingTests.xctest */;
			productType = "com.apple.product-type.bundle.unit-test";
		};
		D65E31141F39638100E7A4B8 /* HZMethodSwizzlingUITests */ = {
			isa = PBXNativeTarget;
			buildConfigurationList = D65E31241F39638100E7A4B8 /* Build configuration list for PBXNativeTarget "HZMethodSwizzlingUITests" */;
			buildPhases = (
				D65E31111F39638100E7A4B8 /* Sources */,
				D65E31121F39638100E7A4B8 /* Frameworks */,
				D65E31131F39638100E7A4B8 /* Resources */,
			);
			buildRules = (
			);
			dependencies = (
				D65E31171F39638100E7A4B8 /* PBXTargetDependency */,
			);
			name = HZMethodSwizzlingUITests;
			productName = HZMethodSwizzlingUITests;
			productReference = D65E31151F39638100E7A4B8 /* HZMethodSwizzlingUITests.xctest */;
			productType = "com.apple.product-type.bundle.ui-testing";
		};
/* End PBXNativeTarget section */

/* Begin PBXProject section */
		D65E30E91F39638100E7A4B8 /* Project object */ = {
			isa = PBXProject;
			attributes = {
				LastUpgradeCheck = 0830;
				ORGANIZATIONNAME = zenon;
				TargetAttributes = {
					D65E30F01F39638100E7A4B8 = {
						CreatedOnToolsVersion = 8.3.3;
						ProvisioningStyle = Automatic;
					};
					D65E31091F39638100E7A4B8 = {
						CreatedOnToolsVersion = 8.3.3;
						ProvisioningStyle = Automatic;
						TestTargetID = D65E30F01F39638100E7A4B8;
					};
					D65E31141F39638100E7A4B8 = {
						CreatedOnToolsVersion = 8.3.3;
						ProvisioningStyle = Automatic;
						TestTargetID = D65E30F01F39638100E7A4B8;
					};
				};
			};
			buildConfigurationList = D65E30EC1F39638100E7A4B8 /* Build configuration list for PBXProject "HZMethodSwizzling" */;
			compatibilityVersion = "Xcode 3.2";
			developmentRegion = English;
			hasScannedForEncodings = 0;
			knownRegions = (
				en,
				Base,
			);
			mainGroup = D65E30E81F39638100E7A4B8;
			productRefGroup = D65E30F21F39638100E7A4B8 /* Products */;
			projectDirPath = "";
			projectRoot = "";
			targets = (
				D65E30F01F39638100E7A4B8 /* HZMethodSwizzling */,
				D65E31091F39638100E7A4B8 /* HZMethodSwizzlingTests */,
				D65E31141F39638100E7A4B8 /* HZMethodSwizzlingUITests */,
			);
		};
/* End PBXProject section */

/* Begin PBXResourcesBuildPhase section */
		D65E30EF1F39638100E7A4B8 /* Resources */ = {
			isa = PBXResourcesBuildPhase;
			buildActionMask = 2147483647;
			files = (
				D65E31041F39638100E7A4B8 /* LaunchScreen.storyboard in Resources */,
				D65E31011F39638100E7A4B8 /* Assets.xcassets in Resources */,
				D65E30FF1F39638100E7A4B8 /* Main.storyboard in Resources */,
			);
			runOnlyForDeploymentPostprocessing = 0;
		};
		D65E31081F39638100E7A4B8 /* Resources */ = {
			isa = PBXResourcesBuildPhase;
			buildActionMask = 2147483647;
			files = (
			);
			runOnlyForDeploymentPostprocessing = 0;
		};
		D65E31131F39638100E7A4B8 /* Resources */ = {
			isa = PBXResourcesBuildPhase;
			buildActionMask = 2147483647;
			files = (
			);
			runOnlyForDeploymentPostprocessing = 0;
		};
/* End PBXResourcesBuildPhase section */

/* Begin PBXSourcesBuildPhase section */
		D65E30ED1F39638100E7A4B8 /* Sources */ = {
			isa = PBXSourcesBuildPhase;
			buildActionMask = 2147483647;
			files = (
				D68887251F3AB37000D6D1E2 /* HZCustomView.m in Sources */,
				D688872E1F3AE30000D6D1E2 /* HZSubCustomView.m in Sources */,
				D65E30FC1F39638100E7A4B8 /* ViewController.m in Sources */,
				D65E30F91F39638100E7A4B8 /* AppDelegate.m in Sources */,
				D65E312F1F39B92900E7A4B8 /* ViewController+Swizzling.m in Sources */,
				D688872B1F3AE03C00D6D1E2 /* HZUIChecker.m in Sources */,
				D65E30F61F39638100E7A4B8 /* main.m in Sources */,
				D63DAFAA1F3C60A0002C512C /* Aspects.m in Sources */,
			);
			runOnlyForDeploymentPostprocessing = 0;
		};
		D65E31061F39638100E7A4B8 /* Sources */ = {
			isa = PBXSourcesBuildPhase;
			buildActionMask = 2147483647;
			files = (
				D65E310F1F39638100E7A4B8 /* HZMethodSwizzlingTests.m in Sources */,
			);
			runOnlyForDeploymentPostprocessing = 0;
		};
		D65E31111F39638100E7A4B8 /* Sources */ = {
			isa = PBXSourcesBuildPhase;
			buildActionMask = 2147483647;
			files = (
				D65E311A1F39638100E7A4B8 /* HZMethodSwizzlingUITests.m in Sources */,
			);
			runOnlyForDeploymentPostprocessing = 0;
		};
/* End PBXSourcesBuildPhase section */

/* Begin PBXTargetDependency section */
		D65E310C1F39638100E7A4B8 /* PBXTargetDependency */ = {
			isa = PBXTargetDependency;
			target = D65E30F01F39638100E7A4B8 /* HZMethodSwizzling */;
			targetProxy = D65E310B1F39638100E7A4B8 /* PBXContainerItemProxy */;
		};
		D65E31171F39638100E7A4B8 /* PBXTargetDependency */ = {
			isa = PBXTargetDependency;
			target = D65E30F01F39638100E7A4B8 /* HZMethodSwizzling */;
			targetProxy = D65E31161F39638100E7A4B8 /* PBXContainerItemProxy */;
		};
/* End PBXTargetDependency section */

/* Begin PBXVariantGroup section */
		D65E30FD1F39638100E7A4B8 /* Main.storyboard */ = {
			isa = PBXVariantGroup;
			children = (
				D65E30FE1F39638100E7A4B8 /* Base */,
			);
			name = Main.storyboard;
			sourceTree = "<group>";
		};
		D65E31021F39638100E7A4B8 /* LaunchScreen.storyboard */ = {
			isa = PBXVariantGroup;
			children = (
				D65E31031F39638100E7A4B8 /* Base */,
			);
			name = LaunchScreen.storyboard;
			sourceTree = "<group>";
		};
/* End PBXVariantGroup section */

/* Begin XCBuildConfiguration section */
		D65E311C1F39638100E7A4B8 /* Debug */ = {
			isa = XCBuildConfiguration;
			buildSettings = {
				ALWAYS_SEARCH_USER_PATHS = NO;
				CLANG_ANALYZER_NONNULL = YES;
				CLANG_ANALYZER_NUMBER_OBJECT_CONVERSION = YES_AGGRESSIVE;
				CLANG_CXX_LANGUAGE_STANDARD = "gnu++0x";
				CLANG_CXX_LIBRARY = "libc++";
				CLANG_ENABLE_MODULES = YES;
				CLANG_ENABLE_OBJC_ARC = YES;
				CLANG_WARN_BOOL_CONVERSION = YES;
				CLANG_WARN_CONSTANT_CONVERSION = YES;
				CLANG_WARN_DIRECT_OBJC_ISA_USAGE = YES_ERROR;
				CLANG_WARN_DOCUMENTATION_COMMENTS = YES;
				CLANG_WARN_EMPTY_BODY = YES;
				CLANG_WARN_ENUM_CONVERSION = YES;
				CLANG_WARN_INFINITE_RECURSION = YES;
				CLANG_WARN_INT_CONVERSION = YES;
				CLANG_WARN_OBJC_ROOT_CLASS = YES_ERROR;
				CLANG_WARN_SUSPICIOUS_MOVE = YES;
				CLANG_WARN_UNREACHABLE_CODE = YES;
				CLANG_WARN__DUPLICATE_METHOD_MATCH = YES;
				"CODE_SIGN_IDENTITY[sdk=iphoneos*]" = "iPhone Developer";
				COPY_PHASE_STRIP = NO;
				DEBUG_INFORMATION_FORMAT = dwarf;
				ENABLE_STRICT_OBJC_MSGSEND = YES;
				ENABLE_TESTABILITY = YES;
				GCC_C_LANGUAGE_STANDARD = gnu99;
				GCC_DYNAMIC_NO_PIC = NO;
				GCC_NO_COMMON_BLOCKS = YES;
				GCC_OPTIMIZATION_LEVEL = 0;
				GCC_PREPROCESSOR_DEFINITIONS = (
					"DEBUG=1",
					"$(inherited)",
				);
				GCC_WARN_64_TO_32_BIT_CONVERSION = YES;
				GCC_WARN_ABOUT_RETURN_TYPE = YES_ERROR;
				GCC_WARN_UNDECLARED_SELECTOR = YES;
				GCC_WARN_UNINITIALIZED_AUTOS = YES_AGGRESSIVE;
				GCC_WARN_UNUSED_FUNCTION = YES;
				GCC_WARN_UNUSED_VARIABLE = YES;
				IPHONEOS_DEPLOYMENT_TARGET = 10.3;
				MTL_ENABLE_DEBUG_INFO = YES;
				ONLY_ACTIVE_ARCH = YES;
				SDKROOT = iphoneos;
			};
			name = Debug;
		};
		D65E311D1F39638100E7A4B8 /* Release */ = {
			isa = XCBuildConfiguration;
			buildSettings = {
				ALWAYS_SEARCH_USER_PATHS = NO;
				CLANG_ANALYZER_NONNULL = YES;
				CLANG_ANALYZER_NUMBER_OBJECT_CONVERSION = YES_AGGRESSIVE;
				CLANG_CXX_LANGUAGE_STANDARD = "gnu++0x";
				CLANG_CXX_LIBRARY = "libc++";
				CLANG_ENABLE_MODULES = YES;
				CLANG_ENABLE_OBJC_ARC = YES;
				CLANG_WARN_BOOL_CONVERSION = YES;
				CLANG_WARN_CONSTANT_CONVERSION = YES;
				CLANG_WARN_DIRECT_OBJC_ISA_USAGE = YES_ERROR;
				CLANG_WARN_DOCUMENTATION_COMMENTS = YES;
				CLANG_WARN_EMPTY_BODY = YES;
				CLANG_WARN_ENUM_CONVERSION = YES;
				CLANG_WARN_INFINITE_RECURSION = YES;
				CLANG_WARN_INT_CONVERSION = YES;
				CLANG_WARN_OBJC_ROOT_CLASS = YES_ERROR;
				CLANG_WARN_SUSPICIOUS_MOVE = YES;
				CLANG_WARN_UNREACHABLE_CODE = YES;
				CLANG_WARN__DUPLICATE_METHOD_MATCH = YES;
				"CODE_SIGN_IDENTITY[sdk=iphoneos*]" = "iPhone Developer";
				COPY_PHASE_STRIP = NO;
				DEBUG_INFORMATION_FORMAT = "dwarf-with-dsym";
				ENABLE_NS_ASSERTIONS = NO;
				ENABLE_STRICT_OBJC_MSGSEND = YES;
				GCC_C_LANGUAGE_STANDARD = gnu99;
				GCC_NO_COMMON_BLOCKS = YES;
				GCC_WARN_64_TO_32_BIT_CONVERSION = YES;
				GCC_WARN_ABOUT_RETURN_TYPE = YES_ERROR;
				GCC_WARN_UNDECLARED_SELECTOR = YES;
				GCC_WARN_UNINITIALIZED_AUTOS = YES_AGGRESSIVE;
				GCC_WARN_UNUSED_FUNCTION = YES;
				GCC_WARN_UNUSED_VARIABLE = YES;
				IPHONEOS_DEPLOYMENT_TARGET = 10.3;
				MTL_ENABLE_DEBUG_INFO = NO;
				SDKROOT = iphoneos;
				VALIDATE_PRODUCT = YES;
			};
			name = Release;
		};
		D65E311F1F39638100E7A4B8 /* Debug */ = {
			isa = XCBuildConfiguration;
			buildSettings = {
				ASSETCATALOG_COMPILER_APPICON_NAME = AppIcon;
				INFOPLIST_FILE = HZMethodSwizzling/Info.plist;
				LD_RUNPATH_SEARCH_PATHS = "$(inherited) @executable_path/Frameworks";
				PRODUCT_BUNDLE_IDENTIFIER = com.zenon.HZMethodSwizzling;
				PRODUCT_NAME = "$(TARGET_NAME)";
			};
			name = Debug;
		};
		D65E31201F39638100E7A4B8 /* Release */ = {
			isa = XCBuildConfiguration;
			buildSettings = {
				ASSETCATALOG_COMPILER_APPICON_NAME = AppIcon;
				INFOPLIST_FILE = HZMethodSwizzling/Info.plist;
				LD_RUNPATH_SEARCH_PATHS = "$(inherited) @executable_path/Frameworks";
				PRODUCT_BUNDLE_IDENTIFIER = com.zenon.HZMethodSwizzling;
				PRODUCT_NAME = "$(TARGET_NAME)";
			};
			name = Release;
		};
		D65E31221F39638100E7A4B8 /* Debug */ = {
			isa = XCBuildConfiguration;
			buildSettings = {
				BUNDLE_LOADER = "$(TEST_HOST)";
				INFOPLIST_FILE = HZMethodSwizzlingTests/Info.plist;
				LD_RUNPATH_SEARCH_PATHS = "$(inherited) @executable_path/Frameworks @loader_path/Frameworks";
				PRODUCT_BUNDLE_IDENTIFIER = com.zenon.HZMethodSwizzlingTests;
				PRODUCT_NAME = "$(TARGET_NAME)";
				TEST_HOST = "$(BUILT_PRODUCTS_DIR)/HZMethodSwizzling.app/HZMethodSwizzling";
			};
			name = Debug;
		};
		D65E31231F39638100E7A4B8 /* Release */ = {
			isa = XCBuildConfiguration;
			buildSettings = {
				BUNDLE_LOADER = "$(TEST_HOST)";
				INFOPLIST_FILE = HZMethodSwizzlingTests/Info.plist;
				LD_RUNPATH_SEARCH_PATHS = "$(inherited) @executable_path/Frameworks @loader_path/Frameworks";
				PRODUCT_BUNDLE_IDENTIFIER = com.zenon.HZMethodSwizzlingTests;
				PRODUCT_NAME = "$(TARGET_NAME)";
				TEST_HOST = "$(BUILT_PRODUCTS_DIR)/HZMethodSwizzling.app/HZMethodSwizzling";
			};
			name = Release;
		};
		D65E31251F39638100E7A4B8 /* Debug */ = {
			isa = XCBuildConfiguration;
			buildSettings = {
				INFOPLIST_FILE = HZMethodSwizzlingUITests/Info.plist;
				LD_RUNPATH_SEARCH_PATHS = "$(inherited) @executable_path/Frameworks @loader_path/Frameworks";
				PRODUCT_BUNDLE_IDENTIFIER = com.zenon.HZMethodSwizzlingUITests;
				PRODUCT_NAME = "$(TARGET_NAME)";
				TEST_TARGET_NAME = HZMethodSwizzling;
			};
			name = Debug;
		};
		D65E31261F39638100E7A4B8 /* Release */ = {
			isa = XCBuildConfiguration;
			buildSettings = {
				INFOPLIST_FILE = HZMethodSwizzlingUITests/Info.plist;
				LD_RUNPATH_SEARCH_PATHS = "$(inherited) @executable_path/Frameworks @loader_path/Frameworks";
				PRODUCT_BUNDLE_IDENTIFIER = com.zenon.HZMethodSwizzlingUITests;
				PRODUCT_NAME = "$(TARGET_NAME)";
				TEST_TARGET_NAME = HZMethodSwizzling;
			};
			name = Release;
		};
/* End XCBuildConfiguration section */

/* Begin XCConfigurationList section */
		D65E30EC1F39638100E7A4B8 /* Build configuration list for PBXProject "HZMethodSwizzling" */ = {
			isa = XCConfigurationList;
			buildConfigurations = (
				D65E311C1F39638100E7A4B8 /* Debug */,
				D65E311D1F39638100E7A4B8 /* Release */,
			);
			defaultConfigurationIsVisible = 0;
			defaultConfigurationName = Release;
		};
		D65E311E1F39638100E7A4B8 /* Build configuration list for PBXNativeTarget "HZMethodSwizzling" */ = {
			isa = XCConfigurationList;
			buildConfigurations = (
				D65E311F1F39638100E7A4B8 /* Debug */,
				D65E31201F39638100E7A4B8 /* Release */,
			);
			defaultConfigurationIsVisible = 0;
			defaultConfigurationName = Release;
		};
		D65E31211F39638100E7A4B8 /* Build configuration list for PBXNativeTarget "HZMethodSwizzlingTests" */ = {
			isa = XCConfigurationList;
			buildConfigurations = (
				D65E31221F39638100E7A4B8 /* Debug */,
				D65E31231F39638100E7A4B8 /* Release */,
			);
			defaultConfigurationIsVisible = 0;
			defaultConfigurationName = Release;
		};
		D65E31241F39638100E7A4B8 /* Build configuration list for PBXNativeTarget "HZMethodSwizzlingUITests" */ = {
			isa = XCConfigurationList;
			buildConfigurations = (
				D65E31251F39638100E7A4B8 /* Debug */,
				D65E31261F39638100E7A4B8 /* Release */,
			);
			defaultConfigurationIsVisible = 0;
			defaultConfigurationName = Release;
		};
/* End XCConfigurationList section */
	};
	rootObject = D65E30E91F39638100E7A4B8 /* Project object */;
}
